
Microsoft Visual Studio Solution File, Format Version 12.00
# Visual Studio 15
VisualStudioVersion = 15.0.27130.2003
MinimumVisualStudioVersion = 10.0.40219.1
Project("{FAE04EC0-301F-11D3-BF4B-00C04F79EFBC}") = "WindowsFormsApp1", "WindowsFormsApp1\WindowsFormsApp1.csproj", "{48D7F9CD-82A2-4FD6-945E-53F8BDC89565}"
EndProject
Global
	GlobalSection(SolutionConfigurationPlatforms) = preSolution
		Debug|Any CPU = Debug|Any CPU
		Release|Any CPU = Release|Any CPU
	EndGlobalSection
	GlobalSection(ProjectConfigurationPlatforms) = postSolution
		{48D7F9CD-82A2-4FD6-945E-53F8BDC89565}.Debug|Any CPU.ActiveCfg = Debug|Any CPU
		{48D7F9CD-82A2-4FD6-945E-53F8BDC89565}.Debug|Any CPU.Build.0 = Debug|Any CPU
		{48D7F9CD-82A2-4FD6-945E-53F8BDC89565}.Release|Any CPU.ActiveCfg = Release|Any CPU
		{48D7F9CD-82A2-4FD6-945E-53F8BDC89565}.Release|Any CPU.Build.0 = Release|Any CPU
	EndGlobalSection
	GlobalSection(SolutionProperties) = preSolution
		HideSolutionNode = FALSE
	EndGlobalSection
	GlobalSection(ExtensibilityGlobals) = postSolution
		SolutionGuid = {D271E5E6-D445-4756-B71E-3375A7152F85}
	EndGlobalSection
EndGlobal
